{
  "version": "4",
  "specifiers": {
    "jsr:@libs/xml@^6.0.1": "6.0.1",
    "jsr:@std/cli@^1.0.6": "1.0.6",
    "jsr:@std/fmt@^1.0.3": "1.0.3",
    "jsr:@std/fs@^1.0.5": "1.0.5",
    "jsr:@std/path@^1.0.7": "1.0.8",
    "jsr:@std/path@^1.0.8": "1.0.8",
    "jsr:@std/yaml@^1.0.5": "1.0.5"
  },
  "jsr": {
    "@libs/xml@6.0.1": {
      "integrity": "64af4f93464c77c3e1158fb97c3657779ca554b14f38616b96cde31e22d8a309"
    },
    "@std/cli@1.0.6": {
      "integrity": "d22d8b38c66c666d7ad1f2a66c5b122da1704f985d3c47f01129f05abb6c5d3d"
    },
    "@std/fmt@1.0.3": {
      "integrity": "97765c16aa32245ff4e2204ecf7d8562496a3cb8592340a80e7e554e0bb9149f"
    },
    "@std/fs@1.0.5": {
      "integrity": "41806ad6823d0b5f275f9849a2640d87e4ef67c51ee1b8fb02426f55e02fd44e",
      "dependencies": [
        "jsr:@std/path@^1.0.7"
      ]
    },
    "@std/path@1.0.8": {
      "integrity": "548fa456bb6a04d3c1a1e7477986b6cffbce95102d0bb447c67c4ee70e0364be"
    },
    "@std/yaml@1.0.5": {
      "integrity": "71ba3d334305ee2149391931508b2c293a8490f94a337eef3a09cade1a2a2742"
    }
  },
  "workspace": {
    "dependencies": [
      "jsr:@libs/xml@^6.0.1",
      "jsr:@std/cli@^1.0.6",
      "jsr:@std/fmt@^1.0.3",
      "jsr:@std/fs@^1.0.5",
      "jsr:@std/path@^1.0.8",
      "jsr:@std/yaml@^1.0.5"
    ]
  }
}
